
Microsoft Visual Studio Solution File, Format Version 12.00
# Visual Studio 14
VisualStudioVersion = 14.0.25123.0
MinimumVisualStudioVersion = 10.0.40219.1
Project("{FAE04EC0-301F-11D3-BF4B-00C04F79EFBC}") = "ServiceProvider", "ServiceProvider\ServiceProvider.csproj", "{E23771D8-CC75-43EF-8F79-C1AF0ABBFC3F}"
EndProject
Project("{FAE04EC0-301F-11D3-BF4B-00C04F79EFBC}") = "ChitChat", "ChitChat\ChitChat.csproj", "{1E2F32E4-9C78-4771-99AD-FD4BBAB26268}"
EndProject
Project("{FAE04EC0-301F-11D3-BF4B-00C04F79EFBC}") = "ChitChatAPI", "ChitChatAPI\ChitChatAPI.csproj", "{AF2C01C9-FF68-456D-9DD7-EAA32B36FB5B}"
EndProject
Project("{FAE04EC0-301F-11D3-BF4B-00C04F79EFBC}") = "ChitChatClient", "ChitChatClient\ChitChatClient.csproj", "{8199B726-1F62-4885-9603-A27CD5737C79}"
EndProject
Global
	GlobalSection(SolutionConfigurationPlatforms) = preSolution
		Debug|Any CPU = Debug|Any CPU
		Release|Any CPU = Release|Any CPU
	EndGlobalSection
	GlobalSection(ProjectConfigurationPlatforms) = postSolution
		{E23771D8-CC75-43EF-8F79-C1AF0ABBFC3F}.Debug|Any CPU.ActiveCfg = Debug|Any CPU
		{E23771D8-CC75-43EF-8F79-C1AF0ABBFC3F}.Debug|Any CPU.Build.0 = Debug|Any CPU
		{E23771D8-CC75-43EF-8F79-C1AF0ABBFC3F}.Release|Any CPU.ActiveCfg = Release|Any CPU
		{E23771D8-CC75-43EF-8F79-C1AF0ABBFC3F}.Release|Any CPU.Build.0 = Release|Any CPU
		{1E2F32E4-9C78-4771-99AD-FD4BBAB26268}.Debug|Any CPU.ActiveCfg = Debug|Any CPU
		{1E2F32E4-9C78-4771-99AD-FD4BBAB26268}.Debug|Any CPU.Build.0 = Debug|Any CPU
		{1E2F32E4-9C78-4771-99AD-FD4BBAB26268}.Release|Any CPU.ActiveCfg = Release|Any CPU
		{1E2F32E4-9C78-4771-99AD-FD4BBAB26268}.Release|Any CPU.Build.0 = Release|Any CPU
		{AF2C01C9-FF68-456D-9DD7-EAA32B36FB5B}.Debug|Any CPU.ActiveCfg = Debug|Any CPU
		{AF2C01C9-FF68-456D-9DD7-EAA32B36FB5B}.Debug|Any CPU.Build.0 = Debug|Any CPU
		{AF2C01C9-FF68-456D-9DD7-EAA32B36FB5B}.Release|Any CPU.ActiveCfg = Release|Any CPU
		{AF2C01C9-FF68-456D-9DD7-EAA32B36FB5B}.Release|Any CPU.Build.0 = Release|Any CPU
		{8199B726-1F62-4885-9603-A27CD5737C79}.Debug|Any CPU.ActiveCfg = Debug|Any CPU
		{8199B726-1F62-4885-9603-A27CD5737C79}.Debug|Any CPU.Build.0 = Debug|Any CPU
		{8199B726-1F62-4885-9603-A27CD5737C79}.Release|Any CPU.ActiveCfg = Release|Any CPU
		{8199B726-1F62-4885-9603-A27CD5737C79}.Release|Any CPU.Build.0 = Release|Any CPU
	EndGlobalSection
	GlobalSection(SolutionProperties) = preSolution
		HideSolutionNode = FALSE
	EndGlobalSection
EndGlobal
